// !$*UTF8*$!
{
	archiveVersion = 1;
	classes = {
	};
	objectVersion = 55;
	objects = {

/* Begin PBXBuildFile section */
		5C249AB1288608FC00C1F9BE /* AppDelegate.swift in Sources */ = {isa = PBXBuildFile; fileRef = 5C249AB0288608FC00C1F9BE /* AppDelegate.swift */; };
		5C249AB3288608FC00C1F9BE /* SceneDelegate.swift in Sources */ = {isa = PBXBuildFile; fileRef = 5C249AB2288608FC00C1F9BE /* SceneDelegate.swift */; };
		5C249AB8288608FC00C1F9BE /* Main.storyboard in Resources */ = {isa = PBXBuildFile; fileRef = 5C249AB6288608FC00C1F9BE /* Main.storyboard */; };
		5C249ABA288608FE00C1F9BE /* Assets.xcassets in Resources */ = {isa = PBXBuildFile; fileRef = 5C249AB9288608FE00C1F9BE /* Assets.xcassets */; };
		5C249ABD288608FE00C1F9BE /* LaunchScreen.storyboard in Resources */ = {isa = PBXBuildFile; fileRef = 5C249ABB288608FE00C1F9BE /* LaunchScreen.storyboard */; };
		5C249AC62886097700C1F9BE /* NewsListTableViewController.swift in Sources */ = {isa = PBXBuildFile; fileRef = 5C249AC52886097700C1F9BE /* NewsListTableViewController.swift */; };
		5C249ACB2886153400C1F9BE /* Webservice.swift in Sources */ = {isa = PBXBuildFile; fileRef = 5C249ACA2886153400C1F9BE /* Webservice.swift */; };
		5C249ACE28861AFC00C1F9BE /* Article.swift in Sources */ = {isa = PBXBuildFile; fileRef = 5C249ACD28861AFC00C1F9BE /* Article.swift */; };
		5C249AD128861EEC00C1F9BE /* ArticleViewModel.swift in Sources */ = {isa = PBXBuildFile; fileRef = 5C249AD028861EEC00C1F9BE /* ArticleViewModel.swift */; };
		5C249AD42886225600C1F9BE /* ArticleTableViewCell.swift in Sources */ = {isa = PBXBuildFile; fileRef = 5C249AD32886225600C1F9BE /* ArticleTableViewCell.swift */; };
/* End PBXBuildFile section */

/* Begin PBXFileReference section */
		5C249AAD288608FC00C1F9BE /* News.app */ = {isa = PBXFileReference; explicitFileType = wrapper.application; includeInIndex = 0; path = News.app; sourceTree = BUILT_PRODUCTS_DIR; };
		5C249AB0288608FC00C1F9BE /* AppDelegate.swift */ = {isa = PBXFileReference; lastKnownFileType = sourcecode.swift; path = AppDelegate.swift; sourceTree = "<group>"; };
		5C249AB2288608FC00C1F9BE /* SceneDelegate.swift */ = {isa = PBXFileReference; lastKnownFileType = sourcecode.swift; path = SceneDelegate.swift; sourceTree = "<group>"; };
		5C249AB7288608FC00C1F9BE /* Base */ = {isa = PBXFileReference; lastKnownFileType = file.storyboard; name = Base; path = Base.lproj/Main.storyboard; sourceTree = "<group>"; };
		5C249AB9288608FE00C1F9BE /* Assets.xcassets */ = {isa = PBXFileReference; lastKnownFileType = folder.assetcatalog; path = Assets.xcassets; sourceTree = "<group>"; };
		5C249ABC288608FE00C1F9BE /* Base */ = {isa = PBXFileReference; lastKnownFileType = file.storyboard; name = Base; path = Base.lproj/LaunchScreen.storyboard; sourceTree = "<group>"; };
		5C249ABE288608FE00C1F9BE /* Info.plist */ = {isa = PBXFileReference; lastKnownFileType = text.plist.xml; path = Info.plist; sourceTree = "<group>"; };
		5C249AC52886097700C1F9BE /* NewsListTableViewController.swift */ = {isa = PBXFileReference; lastKnownFileType = sourcecode.swift; path = NewsListTableViewController.swift; sourceTree = "<group>"; };
		5C249ACA2886153400C1F9BE /* Webservice.swift */ = {isa = PBXFileReference; lastKnownFileType = sourcecode.swift; path = Webservice.swift; sourceTree = "<group>"; };
		5C249ACD28861AFC00C1F9BE /* Article.swift */ = {isa = PBXFileReference; lastKnownFileType = sourcecode.swift; path = Article.swift; sourceTree = "<group>"; };
		5C249AD028861EEC00C1F9BE /* ArticleViewModel.swift */ = {isa = PBXFileReference; lastKnownFileType = sourcecode.swift; path = ArticleViewModel.swift; sourceTree = "<group>"; };
		5C249AD32886225600C1F9BE /* ArticleTableViewCell.swift */ = {isa = PBXFileReference; lastKnownFileType = sourcecode.swift; path = ArticleTableViewCell.swift; sourceTree = "<group>"; };
/* End PBXFileReference section */

/* Begin PBXFrameworksBuildPhase section */
		5C249AAA288608FC00C1F9BE /* Frameworks */ = {
			isa = PBXFrameworksBuildPhase;
			buildActionMask = 2147483647;
			files = (
			);
			runOnlyForDeploymentPostprocessing = 0;
		};
/* End PBXFrameworksBuildPhase section */

/* Begin PBXGroup section */
		5C249AA4288608FC00C1F9BE = {
			isa = PBXGroup;
			children = (
				5C249AAF288608FC00C1F9BE /* News */,
				5C249AAE288608FC00C1F9BE /* Products */,
			);
			sourceTree = "<group>";
		};
		5C249AAE288608FC00C1F9BE /* Products */ = {
			isa = PBXGroup;
			children = (
				5C249AAD288608FC00C1F9BE /* News.app */,
			);
			name = Products;
			sourceTree = "<group>";
		};
		5C249AAF288608FC00C1F9BE /* News */ = {
			isa = PBXGroup;
			children = (
				5C249AD22886223400C1F9BE /* Cells */,
				5C249ACF28861EBF00C1F9BE /* View Models */,
				5C249ACC28861AE600C1F9BE /* Models */,
				5C249AC7288614FC00C1F9BE /* Services */,
				5C249AC42886094E00C1F9BE /* Controllers */,
				5C249AB0288608FC00C1F9BE /* AppDelegate.swift */,
				5C249AB2288608FC00C1F9BE /* SceneDelegate.swift */,
				5C249AB6288608FC00C1F9BE /* Main.storyboard */,
				5C249AB9288608FE00C1F9BE /* Assets.xcassets */,
				5C249ABB288608FE00C1F9BE /* LaunchScreen.storyboard */,
				5C249ABE288608FE00C1F9BE /* Info.plist */,
			);
			path = News;
			sourceTree = "<group>";
		};
		5C249AC42886094E00C1F9BE /* Controllers */ = {
			isa = PBXGroup;
			children = (
				5C249AC52886097700C1F9BE /* NewsListTableViewController.swift */,
			);
			path = Controllers;
			sourceTree = "<group>";
		};
		5C249AC7288614FC00C1F9BE /* Services */ = {
			isa = PBXGroup;
			children = (
				5C249ACA2886153400C1F9BE /* Webservice.swift */,
			);
			path = Services;
			sourceTree = "<group>";
		};
		5C249ACC28861AE600C1F9BE /* Models */ = {
			isa = PBXGroup;
			children = (
				5C249ACD28861AFC00C1F9BE /* Article.swift */,
			);
			path = Models;
			sourceTree = "<group>";
		};
		5C249ACF28861EBF00C1F9BE /* View Models */ = {
			isa = PBXGroup;
			children = (
				5C249AD028861EEC00C1F9BE /* ArticleViewModel.swift */,
			);
			path = "View Models";
			sourceTree = "<group>";
		};
		5C249AD22886223400C1F9BE /* Cells */ = {
			isa = PBXGroup;
			children = (
				5C249AD32886225600C1F9BE /* ArticleTableViewCell.swift */,
			);
			path = Cells;
			sourceTree = "<group>";
		};
/* End PBXGroup section */

/* Begin PBXNativeTarget section */
		5C249AAC288608FC00C1F9BE /* News */ = {
			isa = PBXNativeTarget;
			buildConfigurationList = 5C249AC1288608FE00C1F9BE /* Build configuration list for PBXNativeTarget "News" */;
			buildPhases = (
				5C249AA9288608FC00C1F9BE /* Sources */,
				5C249AAA288608FC00C1F9BE /* Frameworks */,
				5C249AAB288608FC00C1F9BE /* Resources */,
			);
			buildRules = (
			);
			dependencies = (
			);
			name = News;
			productName = News;
			productReference = 5C249AAD288608FC00C1F9BE /* News.app */;
			productType = "com.apple.product-type.application";
		};
/* End PBXNativeTarget section */

/* Begin PBXProject section */
		5C249AA5288608FC00C1F9BE /* Project object */ = {
			isa = PBXProject;
			attributes = {
				BuildIndependentTargetsInParallel = 1;
				LastSwiftUpdateCheck = 1340;
				LastUpgradeCheck = 1340;
				TargetAttributes = {
					5C249AAC288608FC00C1F9BE = {
						CreatedOnToolsVersion = 13.4.1;
					};
				};
			};
			buildConfigurationList = 5C249AA8288608FC00C1F9BE /* Build configuration list for PBXProject "News" */;
			compatibilityVersion = "Xcode 13.0";
			developmentRegion = en;
			hasScannedForEncodings = 0;
			knownRegions = (
				en,
				Base,
			);
			mainGroup = 5C249AA4288608FC00C1F9BE;
			productRefGroup = 5C249AAE288608FC00C1F9BE /* Products */;
			projectDirPath = "";
			projectRoot = "";
			targets = (
				5C249AAC288608FC00C1F9BE /* News */,
			);
		};
/* End PBXProject section */

/* Begin PBXResourcesBuildPhase section */
		5C249AAB288608FC00C1F9BE /* Resources */ = {
			isa = PBXResourcesBuildPhase;
			buildActionMask = 2147483647;
			files = (
				5C249ABD288608FE00C1F9BE /* LaunchScreen.storyboard in Resources */,
				5C249ABA288608FE00C1F9BE /* Assets.xcassets in Resources */,
				5C249AB8288608FC00C1F9BE /* Main.storyboard in Resources */,
			);
			runOnlyForDeploymentPostprocessing = 0;
		};
/* End PBXResourcesBuildPhase section */

/* Begin PBXSourcesBuildPhase section */
		5C249AA9288608FC00C1F9BE /* Sources */ = {
			isa = PBXSourcesBuildPhase;
			buildActionMask = 2147483647;
			files = (
				5C249AB1288608FC00C1F9BE /* AppDelegate.swift in Sources */,
				5C249AC62886097700C1F9BE /* NewsListTableViewController.swift in Sources */,
				5C249ACB2886153400C1F9BE /* Webservice.swift in Sources */,
				5C249AD128861EEC00C1F9BE /* ArticleViewModel.swift in Sources */,
				5C249AB3288608FC00C1F9BE /* SceneDelegate.swift in Sources */,
				5C249AD42886225600C1F9BE /* ArticleTableViewCell.swift in Sources */,
				5C249ACE28861AFC00C1F9BE /* Article.swift in Sources */,
			);
			runOnlyForDeploymentPostprocessing = 0;
		};
/* End PBXSourcesBuildPhase section */

/* Begin PBXVariantGroup section */
		5C249AB6288608FC00C1F9BE /* Main.storyboard */ = {
			isa = PBXVariantGroup;
			children = (
				5C249AB7288608FC00C1F9BE /* Base */,
			);
			name = Main.storyboard;
			sourceTree = "<group>";
		};
		5C249ABB288608FE00C1F9BE /* LaunchScreen.storyboard */ = {
			isa = PBXVariantGroup;
			children = (
				5C249ABC288608FE00C1F9BE /* Base */,
			);
			name = LaunchScreen.storyboard;
			sourceTree = "<group>";
		};
/* End PBXVariantGroup section */

/* Begin XCBuildConfiguration section */
		5C249ABF288608FE00C1F9BE /* Debug */ = {
			isa = XCBuildConfiguration;
			buildSettings = {
				ALWAYS_SEARCH_USER_PATHS = NO;
				CLANG_ANALYZER_NONNULL = YES;
				CLANG_ANALYZER_NUMBER_OBJECT_CONVERSION = YES_AGGRESSIVE;
				CLANG_CXX_LANGUAGE_STANDARD = "gnu++17";
				CLANG_ENABLE_MODULES = YES;
				CLANG_ENABLE_OBJC_ARC = YES;
				CLANG_ENABLE_OBJC_WEAK = YES;
				CLANG_WARN_BLOCK_CAPTURE_AUTORELEASING = YES;
				CLANG_WARN_BOOL_CONVERSION = YES;
				CLANG_WARN_COMMA = YES;
				CLANG_WARN_CONSTANT_CONVERSION = YES;
				CLANG_WARN_DEPRECATED_OBJC_IMPLEMENTATIONS = YES;
				CLANG_WARN_DIRECT_OBJC_ISA_USAGE = YES_ERROR;
				CLANG_WARN_DOCUMENTATION_COMMENTS = YES;
				CLANG_WARN_EMPTY_BODY = YES;
				CLANG_WARN_ENUM_CONVERSION = YES;
				CLANG_WARN_INFINITE_RECURSION = YES;
				CLANG_WARN_INT_CONVERSION = YES;
				CLANG_WARN_NON_LITERAL_NULL_CONVERSION = YES;
				CLANG_WARN_OBJC_IMPLICIT_RETAIN_SELF = YES;
				CLANG_WARN_OBJC_LITERAL_CONVERSION = YES;
				CLANG_WARN_OBJC_ROOT_CLASS = YES_ERROR;
				CLANG_WARN_QUOTED_INCLUDE_IN_FRAMEWORK_HEADER = YES;
				CLANG_WARN_RANGE_LOOP_ANALYSIS = YES;
				CLANG_WARN_STRICT_PROTOTYPES = YES;
				CLANG_WARN_SUSPICIOUS_MOVE = YES;
				CLANG_WARN_UNGUARDED_AVAILABILITY = YES_AGGRESSIVE;
				CLANG_WARN_UNREACHABLE_CODE = YES;
				CLANG_WARN__DUPLICATE_METHOD_MATCH = YES;
				COPY_PHASE_STRIP = NO;
				DEBUG_INFORMATION_FORMAT = dwarf;
				ENABLE_STRICT_OBJC_MSGSEND = YES;
				ENABLE_TESTABILITY = YES;
				GCC_C_LANGUAGE_STANDARD = gnu11;
				GCC_DYNAMIC_NO_PIC = NO;
				GCC_NO_COMMON_BLOCKS = YES;
				GCC_OPTIMIZATION_LEVEL = 0;
				GCC_PREPROCESSOR_DEFINITIONS = (
					"DEBUG=1",
					"$(inherited)",
				);
				GCC_WARN_64_TO_32_BIT_CONVERSION = YES;
				GCC_WARN_ABOUT_RETURN_TYPE = YES_ERROR;
				GCC_WARN_UNDECLARED_SELECTOR = YES;
				GCC_WARN_UNINITIALIZED_AUTOS = YES_AGGRESSIVE;
				GCC_WARN_UNUSED_FUNCTION = YES;
				GCC_WARN_UNUSED_VARIABLE = YES;
				IPHONEOS_DEPLOYMENT_TARGET = 15.5;
				MTL_ENABLE_DEBUG_INFO = INCLUDE_SOURCE;
				MTL_FAST_MATH = YES;
				ONLY_ACTIVE_ARCH = YES;
				SDKROOT = iphoneos;
				SWIFT_ACTIVE_COMPILATION_CONDITIONS = DEBUG;
				SWIFT_OPTIMIZATION_LEVEL = "-Onone";
			};
			name = Debug;
		};
		5C249AC0288608FE00C1F9BE /* Release */ = {
			isa = XCBuildConfiguration;
			buildSettings = {
				ALWAYS_SEARCH_USER_PATHS = NO;
				CLANG_ANALYZER_NONNULL = YES;
				CLANG_ANALYZER_NUMBER_OBJECT_CONVERSION = YES_AGGRESSIVE;
				CLANG_CXX_LANGUAGE_STANDARD = "gnu++17";
				CLANG_ENABLE_MODULES = YES;
				CLANG_ENABLE_OBJC_ARC = YES;
				CLANG_ENABLE_OBJC_WEAK = YES;
				CLANG_WARN_BLOCK_CAPTURE_AUTORELEASING = YES;
				CLANG_WARN_BOOL_CONVERSION = YES;
				CLANG_WARN_COMMA = YES;
				CLANG_WARN_CONSTANT_CONVERSION = YES;
				CLANG_WARN_DEPRECATED_OBJC_IMPLEMENTATIONS = YES;
				CLANG_WARN_DIRECT_OBJC_ISA_USAGE = YES_ERROR;
				CLANG_WARN_DOCUMENTATION_COMMENTS = YES;
				CLANG_WARN_EMPTY_BODY = YES;
				CLANG_WARN_ENUM_CONVERSION = YES;
				CLANG_WARN_INFINITE_RECURSION = YES;
				CLANG_WARN_INT_CONVERSION = YES;
				CLANG_WARN_NON_LITERAL_NULL_CONVERSION = YES;
				CLANG_WARN_OBJC_IMPLICIT_RETAIN_SELF = YES;
				CLANG_WARN_OBJC_LITERAL_CONVERSION = YES;
				CLANG_WARN_OBJC_ROOT_CLASS = YES_ERROR;
				CLANG_WARN_QUOTED_INCLUDE_IN_FRAMEWORK_HEADER = YES;
				CLANG_WARN_RANGE_LOOP_ANALYSIS = YES;
				CLANG_WARN_STRICT_PROTOTYPES = YES;
				CLANG_WARN_SUSPICIOUS_MOVE = YES;
				CLANG_WARN_UNGUARDED_AVAILABILITY = YES_AGGRESSIVE;
				CLANG_WARN_UNREACHABLE_CODE = YES;
				CLANG_WARN__DUPLICATE_METHOD_MATCH = YES;
				COPY_PHASE_STRIP = NO;
				DEBUG_INFORMATION_FORMAT = "dwarf-with-dsym";
				ENABLE_NS_ASSERTIONS = NO;
				ENABLE_STRICT_OBJC_MSGSEND = YES;
				GCC_C_LANGUAGE_STANDARD = gnu11;
				GCC_NO_COMMON_BLOCKS = YES;
				GCC_WARN_64_TO_32_BIT_CONVERSION = YES;
				GCC_WARN_ABOUT_RETURN_TYPE = YES_ERROR;
				GCC_WARN_UNDECLARED_SELECTOR = YES;
				GCC_WARN_UNINITIALIZED_AUTOS = YES_AGGRESSIVE;
				GCC_WARN_UNUSED_FUNCTION = YES;
				GCC_WARN_UNUSED_VARIABLE = YES;
				IPHONEOS_DEPLOYMENT_TARGET = 15.5;
				MTL_ENABLE_DEBUG_INFO = NO;
				MTL_FAST_MATH = YES;
				SDKROOT = iphoneos;
				SWIFT_COMPILATION_MODE = wholemodule;
				SWIFT_OPTIMIZATION_LEVEL = "-O";
				VALIDATE_PRODUCT = YES;
			};
			name = Release;
		};
		5C249AC2288608FE00C1F9BE /* Debug */ = {
			isa = XCBuildConfiguration;
			buildSettings = {
				ASSETCATALOG_COMPILER_APPICON_NAME = AppIcon;
				ASSETCATALOG_COMPILER_GLOBAL_ACCENT_COLOR_NAME = AccentColor;
				CODE_SIGN_STYLE = Automatic;
				CURRENT_PROJECT_VERSION = 1;
				DEVELOPMENT_TEAM = 2K35UBXMNN;
				GENERATE_INFOPLIST_FILE = YES;
				INFOPLIST_FILE = News/Info.plist;
				INFOPLIST_KEY_UIApplicationSupportsIndirectInputEvents = YES;
				INFOPLIST_KEY_UILaunchStoryboardName = LaunchScreen;
				INFOPLIST_KEY_UIMainStoryboardFile = Main;
				INFOPLIST_KEY_UISupportedInterfaceOrientations_iPad = "UIInterfaceOrientationPortrait UIInterfaceOrientationPortraitUpsideDown UIInterfaceOrientationLandscapeLeft UIInterfaceOrientationLandscapeRight";
				INFOPLIST_KEY_UISupportedInterfaceOrientations_iPhone = "UIInterfaceOrientationPortrait UIInterfaceOrientationLandscapeLeft UIInterfaceOrientationLandscapeRight";
				LD_RUNPATH_SEARCH_PATHS = (
					"$(inherited)",
					"@executable_path/Frameworks",
				);
				MARKETING_VERSION = 1.0;
				PRODUCT_BUNDLE_IDENTIFIER = halvesbatochi.News;
				PRODUCT_NAME = "$(TARGET_NAME)";
				SWIFT_EMIT_LOC_STRINGS = YES;
				SWIFT_VERSION = 5.0;
				TARGETED_DEVICE_FAMILY = "1,2";
			};
			name = Debug;
		};
		5C249AC3288608FE00C1F9BE /* Release */ = {
			isa = XCBuildConfiguration;
			buildSettings = {
				ASSETCATALOG_COMPILER_APPICON_NAME = AppIcon;
				ASSETCATALOG_COMPILER_GLOBAL_ACCENT_COLOR_NAME = AccentColor;
				CODE_SIGN_STYLE = Automatic;
				CURRENT_PROJECT_VERSION = 1;
				DEVELOPMENT_TEAM = 2K35UBXMNN;
				GENERATE_INFOPLIST_FILE = YES;
				INFOPLIST_FILE = News/Info.plist;
				INFOPLIST_KEY_UIApplicationSupportsIndirectInputEvents = YES;
				INFOPLIST_KEY_UILaunchStoryboardName = LaunchScreen;
				INFOPLIST_KEY_UIMainStoryboardFile = Main;
				INFOPLIST_KEY_UISupportedInterfaceOrientations_iPad = "UIInterfaceOrientationPortrait UIInterfaceOrientationPortraitUpsideDown UIInterfaceOrientationLandscapeLeft UIInterfaceOrientationLandscapeRight";
				INFOPLIST_KEY_UISupportedInterfaceOrientations_iPhone = "UIInterfaceOrientationPortrait UIInterfaceOrientationLandscapeLeft UIInterfaceOrientationLandscapeRight";
				LD_RUNPATH_SEARCH_PATHS = (
					"$(inherited)",
					"@executable_path/Frameworks",
				);
				MARKETING_VERSION = 1.0;
				PRODUCT_BUNDLE_IDENTIFIER = halvesbatochi.News;
				PRODUCT_NAME = "$(TARGET_NAME)";
				SWIFT_EMIT_LOC_STRINGS = YES;
				SWIFT_VERSION = 5.0;
				TARGETED_DEVICE_FAMILY = "1,2";
			};
			name = Release;
		};
/* End XCBuildConfiguration section */

/* Begin XCConfigurationList section */
		5C249AA8288608FC00C1F9BE /* Build configuration list for PBXProject "News" */ = {
			isa = XCConfigurationList;
			buildConfigurations = (
				5C249ABF288608FE00C1F9BE /* Debug */,
				5C249AC0288608FE00C1F9BE /* Release */,
			);
			defaultConfigurationIsVisible = 0;
			defaultConfigurationName = Release;
		};
		5C249AC1288608FE00C1F9BE /* Build configuration list for PBXNativeTarget "News" */ = {
			isa = XCConfigurationList;
			buildConfigurations = (
				5C249AC2288608FE00C1F9BE /* Debug */,
				5C249AC3288608FE00C1F9BE /* Release */,
			);
			defaultConfigurationIsVisible = 0;
			defaultConfigurationName = Release;
		};
/* End XCConfigurationList section */
	};
	rootObject = 5C249AA5288608FC00C1F9BE /* Project object */;
}
